
Microsoft Visual Studio Solution File, Format Version 12.00
# Visual Studio Version 17
VisualStudioVersion = 17.2.32519.379
MinimumVisualStudioVersion = 10.0.40219.1
Project("{FAE04EC0-301F-11D3-BF4B-00C04F79EFBC}") = "WebUI", "WebUI\WebUI.csproj", "{CE8784CD-DC7A-4BC5-825D-ADACF92A56EE}"
EndProject
Project("{FAE04EC0-301F-11D3-BF4B-00C04F79EFBC}") = "DataAccess", "DataAccess\DataAccess.csproj", "{F1F2820F-F5BC-4325-BA0B-DC3422070E4B}"
EndProject
Project("{FAE04EC0-301F-11D3-BF4B-00C04F79EFBC}") = "Core", "Core\Core.csproj", "{31E487A9-5654-41AB-B159-16CD9167A1E9}"
EndProject
Project("{FAE04EC0-301F-11D3-BF4B-00C04F79EFBC}") = "Business", "Business\Business.csproj", "{38916C25-566D-4542-A222-E4A6744CC7D2}"
EndProject
Project("{FAE04EC0-301F-11D3-BF4B-00C04F79EFBC}") = "Entities", "Entities\Entities.csproj", "{C0498198-8F1B-47A9-AF43-B2787A952EBD}"
EndProject
Global
	GlobalSection(SolutionConfigurationPlatforms) = preSolution
		Debug|Any CPU = Debug|Any CPU
		Release|Any CPU = Release|Any CPU
	EndGlobalSection
	GlobalSection(ProjectConfigurationPlatforms) = postSolution
		{CE8784CD-DC7A-4BC5-825D-ADACF92A56EE}.Debug|Any CPU.ActiveCfg = Debug|Any CPU
		{CE8784CD-DC7A-4BC5-825D-ADACF92A56EE}.Debug|Any CPU.Build.0 = Debug|Any CPU
		{CE8784CD-DC7A-4BC5-825D-ADACF92A56EE}.Release|Any CPU.ActiveCfg = Release|Any CPU
		{CE8784CD-DC7A-4BC5-825D-ADACF92A56EE}.Release|Any CPU.Build.0 = Release|Any CPU
		{F1F2820F-F5BC-4325-BA0B-DC3422070E4B}.Debug|Any CPU.ActiveCfg = Debug|Any CPU
		{F1F2820F-F5BC-4325-BA0B-DC3422070E4B}.Debug|Any CPU.Build.0 = Debug|Any CPU
		{F1F2820F-F5BC-4325-BA0B-DC3422070E4B}.Release|Any CPU.ActiveCfg = Release|Any CPU
		{F1F2820F-F5BC-4325-BA0B-DC3422070E4B}.Release|Any CPU.Build.0 = Release|Any CPU
		{31E487A9-5654-41AB-B159-16CD9167A1E9}.Debug|Any CPU.ActiveCfg = Debug|Any CPU
		{31E487A9-5654-41AB-B159-16CD9167A1E9}.Debug|Any CPU.Build.0 = Debug|Any CPU
		{31E487A9-5654-41AB-B159-16CD9167A1E9}.Release|Any CPU.ActiveCfg = Release|Any CPU
		{31E487A9-5654-41AB-B159-16CD9167A1E9}.Release|Any CPU.Build.0 = Release|Any CPU
		{38916C25-566D-4542-A222-E4A6744CC7D2}.Debug|Any CPU.ActiveCfg = Debug|Any CPU
		{38916C25-566D-4542-A222-E4A6744CC7D2}.Debug|Any CPU.Build.0 = Debug|Any CPU
		{38916C25-566D-4542-A222-E4A6744CC7D2}.Release|Any CPU.ActiveCfg = Release|Any CPU
		{38916C25-566D-4542-A222-E4A6744CC7D2}.Release|Any CPU.Build.0 = Release|Any CPU
		{C0498198-8F1B-47A9-AF43-B2787A952EBD}.Debug|Any CPU.ActiveCfg = Debug|Any CPU
		{C0498198-8F1B-47A9-AF43-B2787A952EBD}.Debug|Any CPU.Build.0 = Debug|Any CPU
		{C0498198-8F1B-47A9-AF43-B2787A952EBD}.Release|Any CPU.ActiveCfg = Release|Any CPU
		{C0498198-8F1B-47A9-AF43-B2787A952EBD}.Release|Any CPU.Build.0 = Release|Any CPU
	EndGlobalSection
	GlobalSection(SolutionProperties) = preSolution
		HideSolutionNode = FALSE
	EndGlobalSection
	GlobalSection(ExtensibilityGlobals) = postSolution
		SolutionGuid = {3BDFF1E5-01D5-47F0-BC6D-4B7F3C8F625D}
	EndGlobalSection
EndGlobal
